dependencies:
- name: postgresql
  repository: https://charts.bitnami.com/bitnami
  version: 12.5.6
- name: nginx-ingress-controller
  repository: https://charts.bitnami.com/bitnami
  version: 9.7.2
digest: sha256:07735e88b32fbdafc8491bccd5f9dd7c96f554bef48204b3727748822ca6939b
generated: "2023-06-05T08:48:17.775567441-06:00"
